
Microsoft Visual Studio Solution File, Format Version 12.00
# Visual Studio 14
VisualStudioVersion = 14.0.25420.1
MinimumVisualStudioVersion = 10.0.40219.1
Project("{FAE04EC0-301F-11D3-BF4B-00C04F79EFBC}") = "TShop.Common", "TShop.Common\TShop.Common.csproj", "{CD6FF3F0-EC6A-4DEE-93A6-C3673AAC4DF2}"
EndProject
Project("{FAE04EC0-301F-11D3-BF4B-00C04F79EFBC}") = "TShop.Data", "TShop.Data\TShop.Data.csproj", "{BFEA7168-8B14-44C0-BA10-D0F4E8B0087F}"
EndProject
Project("{FAE04EC0-301F-11D3-BF4B-00C04F79EFBC}") = "TShop.Service", "TShop.Service\TShop.Service.csproj", "{83B913A2-E353-4E0D-A7C8-ED51D82D9180}"
EndProject
Project("{FAE04EC0-301F-11D3-BF4B-00C04F79EFBC}") = "TShop.Model", "TShop.Model\TShop.Model.csproj", "{769E2430-04B6-482E-8812-C7F471B4AD1A}"
EndProject
Project("{FAE04EC0-301F-11D3-BF4B-00C04F79EFBC}") = "TShop.UnitTest", "TShop.UnitTest\TShop.UnitTest.csproj", "{67FA1B1D-618F-48A0-8AC0-353F8A0AF7C4}"
EndProject
Project("{FAE04EC0-301F-11D3-BF4B-00C04F79EFBC}") = "TShop.Web", "TShop.Web\TShop.Web.csproj", "{2E05F304-FFDB-4CD3-BC1D-0D44D16AE70D}"
EndProject
Global
	GlobalSection(SolutionConfigurationPlatforms) = preSolution
		Debug|Any CPU = Debug|Any CPU
		Release|Any CPU = Release|Any CPU
	EndGlobalSection
	GlobalSection(ProjectConfigurationPlatforms) = postSolution
		{CD6FF3F0-EC6A-4DEE-93A6-C3673AAC4DF2}.Debug|Any CPU.ActiveCfg = Debug|Any CPU
		{CD6FF3F0-EC6A-4DEE-93A6-C3673AAC4DF2}.Debug|Any CPU.Build.0 = Debug|Any CPU
		{CD6FF3F0-EC6A-4DEE-93A6-C3673AAC4DF2}.Release|Any CPU.ActiveCfg = Release|Any CPU
		{CD6FF3F0-EC6A-4DEE-93A6-C3673AAC4DF2}.Release|Any CPU.Build.0 = Release|Any CPU
		{BFEA7168-8B14-44C0-BA10-D0F4E8B0087F}.Debug|Any CPU.ActiveCfg = Debug|Any CPU
		{BFEA7168-8B14-44C0-BA10-D0F4E8B0087F}.Debug|Any CPU.Build.0 = Debug|Any CPU
		{BFEA7168-8B14-44C0-BA10-D0F4E8B0087F}.Release|Any CPU.ActiveCfg = Release|Any CPU
		{BFEA7168-8B14-44C0-BA10-D0F4E8B0087F}.Release|Any CPU.Build.0 = Release|Any CPU
		{83B913A2-E353-4E0D-A7C8-ED51D82D9180}.Debug|Any CPU.ActiveCfg = Debug|Any CPU
		{83B913A2-E353-4E0D-A7C8-ED51D82D9180}.Debug|Any CPU.Build.0 = Debug|Any CPU
		{83B913A2-E353-4E0D-A7C8-ED51D82D9180}.Release|Any CPU.ActiveCfg = Release|Any CPU
		{83B913A2-E353-4E0D-A7C8-ED51D82D9180}.Release|Any CPU.Build.0 = Release|Any CPU
		{769E2430-04B6-482E-8812-C7F471B4AD1A}.Debug|Any CPU.ActiveCfg = Debug|Any CPU
		{769E2430-04B6-482E-8812-C7F471B4AD1A}.Debug|Any CPU.Build.0 = Debug|Any CPU
		{769E2430-04B6-482E-8812-C7F471B4AD1A}.Release|Any CPU.ActiveCfg = Release|Any CPU
		{769E2430-04B6-482E-8812-C7F471B4AD1A}.Release|Any CPU.Build.0 = Release|Any CPU
		{67FA1B1D-618F-48A0-8AC0-353F8A0AF7C4}.Debug|Any CPU.ActiveCfg = Debug|Any CPU
		{67FA1B1D-618F-48A0-8AC0-353F8A0AF7C4}.Debug|Any CPU.Build.0 = Debug|Any CPU
		{67FA1B1D-618F-48A0-8AC0-353F8A0AF7C4}.Release|Any CPU.ActiveCfg = Release|Any CPU
		{67FA1B1D-618F-48A0-8AC0-353F8A0AF7C4}.Release|Any CPU.Build.0 = Release|Any CPU
		{2E05F304-FFDB-4CD3-BC1D-0D44D16AE70D}.Debug|Any CPU.ActiveCfg = Debug|Any CPU
		{2E05F304-FFDB-4CD3-BC1D-0D44D16AE70D}.Debug|Any CPU.Build.0 = Debug|Any CPU
		{2E05F304-FFDB-4CD3-BC1D-0D44D16AE70D}.Release|Any CPU.ActiveCfg = Release|Any CPU
		{2E05F304-FFDB-4CD3-BC1D-0D44D16AE70D}.Release|Any CPU.Build.0 = Release|Any CPU
	EndGlobalSection
	GlobalSection(SolutionProperties) = preSolution
		HideSolutionNode = FALSE
	EndGlobalSection
EndGlobal
